{
  "version": 4,
  "terraform_version": "1.10.5",
  "serial": 4,
  "lineage": "858c0856-7b9e-9757-6706-f20dd637f852",
  "outputs": {},
  "resources": [
    {
      "mode": "managed",
      "type": "aws_ecr_repository",
      "name": "capstone_ecr",
      "provider": "provider[\"registry.terraform.io/hashicorp/aws\"]",
      "instances": [
        {
          "schema_version": 0,
          "attributes": {
            "arn": "arn:aws:ecr:us-east-1:116981805219:repository/my-capstone-ecr",
            "encryption_configuration": [
              {
                "encryption_type": "AES256",
                "kms_key": ""
              }
            ],
            "force_delete": null,
            "id": "my-capstone-ecr",
            "image_scanning_configuration": [
              {
                "scan_on_push": false
              }
            ],
            "image_tag_mutability": "MUTABLE",
            "name": "my-capstone-ecr",
            "registry_id": "116981805219",
            "repository_url": "116981805219.dkr.ecr.us-east-1.amazonaws.com/my-capstone-ecr",
            "tags": {},
            "tags_all": {},
            "timeouts": null
          },
          "sensitive_attributes": [],
          "private": "eyJlMmJmYjczMC1lY2FhLTExZTYtOGY4OC0zNDM2M2JjN2M0YzAiOnsiZGVsZXRlIjoxMjAwMDAwMDAwMDAwfSwic2NoZW1hX3ZlcnNpb24iOiIwIn0="
        }
      ]
    },
    {
      "mode": "managed",
      "type": "aws_ecs_cluster",
      "name": "capstone_cluster",
      "provider": "provider[\"registry.terraform.io/hashicorp/aws\"]",
      "instances": [
        {
          "schema_version": 0,
          "attributes": {
            "arn": "arn:aws:ecs:us-east-1:116981805219:cluster/my-capstone-cluster",
            "configuration": [],
            "id": "arn:aws:ecs:us-east-1:116981805219:cluster/my-capstone-cluster",
            "name": "my-capstone-cluster",
            "service_connect_defaults": [
              {
                "namespace": "arn:aws:servicediscovery:us-east-1:116981805219:namespace/ns-zo6vedsmjibytc2z"
              }
            ],
            "setting": [
              {
                "name": "containerInsights",
                "value": "disabled"
              }
            ],
            "tags": {},
            "tags_all": {}
          },
          "sensitive_attributes": [],
          "private": "eyJzY2hlbWFfdmVyc2lvbiI6IjAifQ=="
        }
      ]
    },
    {
      "mode": "managed",
      "type": "aws_ecs_service",
      "name": "capstone_service",
      "provider": "provider[\"registry.terraform.io/hashicorp/aws\"]",
      "instances": [
        {
          "schema_version": 1,
          "attributes": {
            "alarms": [
              {
                "alarm_names": [],
                "enable": false,
                "rollback": false
              }
            ],
            "availability_zone_rebalancing": "ENABLED",
            "capacity_provider_strategy": [],
            "cluster": "arn:aws:ecs:us-east-1:116981805219:cluster/my-capstone-cluster",
            "deployment_circuit_breaker": [
              {
                "enable": true,
                "rollback": true
              }
            ],
            "deployment_controller": [
              {
                "type": "ECS"
              }
            ],
            "deployment_maximum_percent": 200,
            "deployment_minimum_healthy_percent": 100,
            "desired_count": 2,
            "enable_ecs_managed_tags": true,
            "enable_execute_command": false,
            "force_delete": null,
            "force_new_deployment": null,
            "health_check_grace_period_seconds": 0,
            "iam_role": "/aws-service-role/ecs.amazonaws.com/AWSServiceRoleForECS",
            "id": "arn:aws:ecs:us-east-1:116981805219:service/my-capstone-cluster/my-capstone-service",
            "launch_type": "FARGATE",
            "load_balancer": [
              {
                "container_name": "my-static-web-container",
                "container_port": 80,
                "elb_name": "",
                "target_group_arn": "arn:aws:elasticloadbalancing:us-east-1:116981805219:targetgroup/my-capstone-tg/1f20f8806ce97fed"
              }
            ],
            "name": "my-capstone-service",
            "network_configuration": [
              {
                "assign_public_ip": true,
                "security_groups": [
                  "sg-0ffaecdb585361d87"
                ],
                "subnets": [
                  "subnet-020cca70f68329e2b",
                  "subnet-038cb1f846d91372d",
                  "subnet-08693f9128a8cf5e1",
                  "subnet-0b047f9a99a9446ed",
                  "subnet-0b4f5bf72a0a4b179",
                  "subnet-0da792e895ec9bec0"
                ]
              }
            ],
            "ordered_placement_strategy": [],
            "placement_constraints": [],
            "platform_version": "LATEST",
            "propagate_tags": "NONE",
            "scheduling_strategy": "REPLICA",
            "service_connect_configuration": [],
            "service_registries": [],
            "tags": {},
            "tags_all": {},
            "task_definition": "my-capstone-task-definition:1",
            "timeouts": null,
            "triggers": {},
            "volume_configuration": [],
            "vpc_lattice_configurations": [],
            "wait_for_steady_state": null
          },
          "sensitive_attributes": [],
          "private": "eyJlMmJmYjczMC1lY2FhLTExZTYtOGY4OC0zNDM2M2JjN2M0YzAiOnsiY3JlYXRlIjoxMjAwMDAwMDAwMDAwLCJkZWxldGUiOjEyMDAwMDAwMDAwMDAsInVwZGF0ZSI6MTIwMDAwMDAwMDAwMH0sInNjaGVtYV92ZXJzaW9uIjoiMSJ9"
        }
      ]
    },
    {
      "mode": "managed",
      "type": "aws_route53_zone",
      "name": "example",
      "provider": "provider[\"registry.terraform.io/hashicorp/aws\"]",
      "instances": [
        {
          "schema_version": 0,
          "attributes": {
            "arn": "arn:aws:route53:::hostedzone/Z0770517JBJZQYBRTH80",
            "comment": "",
            "delegation_set_id": "",
            "force_destroy": null,
            "id": "Z0770517JBJZQYBRTH80",
            "name": "mariagoretti17.click",
            "name_servers": [
              "ns-1034.awsdns-01.org",
              "ns-1603.awsdns-08.co.uk",
              "ns-285.awsdns-35.com",
              "ns-839.awsdns-40.net"
            ],
            "primary_name_server": "ns-285.awsdns-35.com",
            "tags": {},
            "tags_all": {},
            "vpc": [],
            "zone_id": "Z0770517JBJZQYBRTH80"
          },
          "sensitive_attributes": [],
          "private": "eyJzY2hlbWFfdmVyc2lvbiI6IjAifQ=="
        }
      ]
    }
  ],
  "check_results": null
}
